// !$*UTF8*$!
{
	archiveVersion = 1;
	classes = {
	};
	objectVersion = 55;
	objects = {

/* Begin PBXBuildFile section */
		265BB8F12889B4440027209F /* FruitApp.swift in Sources */ = {isa = PBXBuildFile; fileRef = 265BB8F02889B4430027209F /* FruitApp.swift */; };
		265BB8F32889B4440027209F /* ContentView.swift in Sources */ = {isa = PBXBuildFile; fileRef = 265BB8F22889B4440027209F /* ContentView.swift */; };
		265BB8F52889B4470027209F /* Assets.xcassets in Resources */ = {isa = PBXBuildFile; fileRef = 265BB8F42889B4470027209F /* Assets.xcassets */; };
		265BB8F82889B4470027209F /* Preview Assets.xcassets in Resources */ = {isa = PBXBuildFile; fileRef = 265BB8F72889B4470027209F /* Preview Assets.xcassets */; };
		265BB9002889B5A60027209F /* FruitModel.swift in Sources */ = {isa = PBXBuildFile; fileRef = 265BB8FF2889B5A60027209F /* FruitModel.swift */; };
		26ECAF03288EBAE0003CDEA2 /* Source.swift in Sources */ = {isa = PBXBuildFile; fileRef = 26ECAF02288EBAE0003CDEA2 /* Source.swift */; };
		26ECAF06288EBE83003CDEA2 /* FruitIconView.swift in Sources */ = {isa = PBXBuildFile; fileRef = 26ECAF05288EBE83003CDEA2 /* FruitIconView.swift */; };
		26ECAF08288EE37A003CDEA2 /* FruitDetailsView.swift in Sources */ = {isa = PBXBuildFile; fileRef = 26ECAF07288EE37A003CDEA2 /* FruitDetailsView.swift */; };
/* End PBXBuildFile section */

/* Begin PBXFileReference section */
		265BB8ED2889B4430027209F /* FruitApp.app */ = {isa = PBXFileReference; explicitFileType = wrapper.application; includeInIndex = 0; path = FruitApp.app; sourceTree = BUILT_PRODUCTS_DIR; };
		265BB8F02889B4430027209F /* FruitApp.swift */ = {isa = PBXFileReference; lastKnownFileType = sourcecode.swift; path = FruitApp.swift; sourceTree = "<group>"; };
		265BB8F22889B4440027209F /* ContentView.swift */ = {isa = PBXFileReference; lastKnownFileType = sourcecode.swift; path = ContentView.swift; sourceTree = "<group>"; };
		265BB8F42889B4470027209F /* Assets.xcassets */ = {isa = PBXFileReference; lastKnownFileType = folder.assetcatalog; path = Assets.xcassets; sourceTree = "<group>"; };
		265BB8F72889B4470027209F /* Preview Assets.xcassets */ = {isa = PBXFileReference; lastKnownFileType = folder.assetcatalog; path = "Preview Assets.xcassets"; sourceTree = "<group>"; };
		265BB8FF2889B5A60027209F /* FruitModel.swift */ = {isa = PBXFileReference; lastKnownFileType = sourcecode.swift; path = FruitModel.swift; sourceTree = "<group>"; };
		26ECAF02288EBAE0003CDEA2 /* Source.swift */ = {isa = PBXFileReference; lastKnownFileType = sourcecode.swift; path = Source.swift; sourceTree = "<group>"; };
		26ECAF05288EBE83003CDEA2 /* FruitIconView.swift */ = {isa = PBXFileReference; lastKnownFileType = sourcecode.swift; path = FruitIconView.swift; sourceTree = "<group>"; };
		26ECAF07288EE37A003CDEA2 /* FruitDetailsView.swift */ = {isa = PBXFileReference; lastKnownFileType = sourcecode.swift; path = FruitDetailsView.swift; sourceTree = "<group>"; };
/* End PBXFileReference section */

/* Begin PBXFrameworksBuildPhase section */
		265BB8EA2889B4430027209F /* Frameworks */ = {
			isa = PBXFrameworksBuildPhase;
			buildActionMask = 2147483647;
			files = (
			);
			runOnlyForDeploymentPostprocessing = 0;
		};
/* End PBXFrameworksBuildPhase section */

/* Begin PBXGroup section */
		265BB8E42889B4430027209F = {
			isa = PBXGroup;
			children = (
				265BB8EF2889B4430027209F /* FruitApp */,
				265BB8EE2889B4430027209F /* Products */,
			);
			sourceTree = "<group>";
		};
		265BB8EE2889B4430027209F /* Products */ = {
			isa = PBXGroup;
			children = (
				265BB8ED2889B4430027209F /* FruitApp.app */,
			);
			name = Products;
			sourceTree = "<group>";
		};
		265BB8EF2889B4430027209F /* FruitApp */ = {
			isa = PBXGroup;
			children = (
				26ECAF04288EBE56003CDEA2 /* Views */,
				26ECAF01288EBACD003CDEA2 /* DataSource */,
				265BB8FE2889B56C0027209F /* Model */,
				265BB8F02889B4430027209F /* FruitApp.swift */,
				265BB8F22889B4440027209F /* ContentView.swift */,
				265BB8F42889B4470027209F /* Assets.xcassets */,
				265BB8F62889B4470027209F /* Preview Content */,
			);
			path = FruitApp;
			sourceTree = "<group>";
		};
		265BB8F62889B4470027209F /* Preview Content */ = {
			isa = PBXGroup;
			children = (
				265BB8F72889B4470027209F /* Preview Assets.xcassets */,
			);
			path = "Preview Content";
			sourceTree = "<group>";
		};
		265BB8FE2889B56C0027209F /* Model */ = {
			isa = PBXGroup;
			children = (
				265BB8FF2889B5A60027209F /* FruitModel.swift */,
			);
			path = Model;
			sourceTree = "<group>";
		};
		26ECAF01288EBACD003CDEA2 /* DataSource */ = {
			isa = PBXGroup;
			children = (
				26ECAF02288EBAE0003CDEA2 /* Source.swift */,
			);
			path = DataSource;
			sourceTree = "<group>";
		};
		26ECAF04288EBE56003CDEA2 /* Views */ = {
			isa = PBXGroup;
			children = (
				26ECAF05288EBE83003CDEA2 /* FruitIconView.swift */,
				26ECAF07288EE37A003CDEA2 /* FruitDetailsView.swift */,
			);
			path = Views;
			sourceTree = "<group>";
		};
/* End PBXGroup section */

/* Begin PBXNativeTarget section */
		265BB8EC2889B4430027209F /* FruitApp */ = {
			isa = PBXNativeTarget;
			buildConfigurationList = 265BB8FB2889B4470027209F /* Build configuration list for PBXNativeTarget "FruitApp" */;
			buildPhases = (
				265BB8E92889B4430027209F /* Sources */,
				265BB8EA2889B4430027209F /* Frameworks */,
				265BB8EB2889B4430027209F /* Resources */,
			);
			buildRules = (
			);
			dependencies = (
			);
			name = FruitApp;
			productName = FruitApp;
			productReference = 265BB8ED2889B4430027209F /* FruitApp.app */;
			productType = "com.apple.product-type.application";
		};
/* End PBXNativeTarget section */

/* Begin PBXProject section */
		265BB8E52889B4430027209F /* Project object */ = {
			isa = PBXProject;
			attributes = {
				BuildIndependentTargetsInParallel = 1;
				LastSwiftUpdateCheck = 1340;
				LastUpgradeCheck = 1340;
				TargetAttributes = {
					265BB8EC2889B4430027209F = {
						CreatedOnToolsVersion = 13.4.1;
					};
				};
			};
			buildConfigurationList = 265BB8E82889B4430027209F /* Build configuration list for PBXProject "FruitApp" */;
			compatibilityVersion = "Xcode 13.0";
			developmentRegion = en;
			hasScannedForEncodings = 0;
			knownRegions = (
				en,
				Base,
			);
			mainGroup = 265BB8E42889B4430027209F;
			productRefGroup = 265BB8EE2889B4430027209F /* Products */;
			projectDirPath = "";
			projectRoot = "";
			targets = (
				265BB8EC2889B4430027209F /* FruitApp */,
			);
		};
/* End PBXProject section */

/* Begin PBXResourcesBuildPhase section */
		265BB8EB2889B4430027209F /* Resources */ = {
			isa = PBXResourcesBuildPhase;
			buildActionMask = 2147483647;
			files = (
				265BB8F82889B4470027209F /* Preview Assets.xcassets in Resources */,
				265BB8F52889B4470027209F /* Assets.xcassets in Resources */,
			);
			runOnlyForDeploymentPostprocessing = 0;
		};
/* End PBXResourcesBuildPhase section */

/* Begin PBXSourcesBuildPhase section */
		265BB8E92889B4430027209F /* Sources */ = {
			isa = PBXSourcesBuildPhase;
			buildActionMask = 2147483647;
			files = (
				26ECAF03288EBAE0003CDEA2 /* Source.swift in Sources */,
				265BB8F32889B4440027209F /* ContentView.swift in Sources */,
				265BB9002889B5A60027209F /* FruitModel.swift in Sources */,
				265BB8F12889B4440027209F /* FruitApp.swift in Sources */,
				26ECAF08288EE37A003CDEA2 /* FruitDetailsView.swift in Sources */,
				26ECAF06288EBE83003CDEA2 /* FruitIconView.swift in Sources */,
			);
			runOnlyForDeploymentPostprocessing = 0;
		};
/* End PBXSourcesBuildPhase section */

/* Begin XCBuildConfiguration section */
		265BB8F92889B4470027209F /* Debug */ = {
			isa = XCBuildConfiguration;
			buildSettings = {
				ALWAYS_SEARCH_USER_PATHS = NO;
				CLANG_ANALYZER_NONNULL = YES;
				CLANG_ANALYZER_NUMBER_OBJECT_CONVERSION = YES_AGGRESSIVE;
				CLANG_CXX_LANGUAGE_STANDARD = "gnu++17";
				CLANG_ENABLE_MODULES = YES;
				CLANG_ENABLE_OBJC_ARC = YES;
				CLANG_ENABLE_OBJC_WEAK = YES;
				CLANG_WARN_BLOCK_CAPTURE_AUTORELEASING = YES;
				CLANG_WARN_BOOL_CONVERSION = YES;
				CLANG_WARN_COMMA = YES;
				CLANG_WARN_CONSTANT_CONVERSION = YES;
				CLANG_WARN_DEPRECATED_OBJC_IMPLEMENTATIONS = YES;
				CLANG_WARN_DIRECT_OBJC_ISA_USAGE = YES_ERROR;
				CLANG_WARN_DOCUMENTATION_COMMENTS = YES;
				CLANG_WARN_EMPTY_BODY = YES;
				CLANG_WARN_ENUM_CONVERSION = YES;
				CLANG_WARN_INFINITE_RECURSION = YES;
				CLANG_WARN_INT_CONVERSION = YES;
				CLANG_WARN_NON_LITERAL_NULL_CONVERSION = YES;
				CLANG_WARN_OBJC_IMPLICIT_RETAIN_SELF = YES;
				CLANG_WARN_OBJC_LITERAL_CONVERSION = YES;
				CLANG_WARN_OBJC_ROOT_CLASS = YES_ERROR;
				CLANG_WARN_QUOTED_INCLUDE_IN_FRAMEWORK_HEADER = YES;
				CLANG_WARN_RANGE_LOOP_ANALYSIS = YES;
				CLANG_WARN_STRICT_PROTOTYPES = YES;
				CLANG_WARN_SUSPICIOUS_MOVE = YES;
				CLANG_WARN_UNGUARDED_AVAILABILITY = YES_AGGRESSIVE;
				CLANG_WARN_UNREACHABLE_CODE = YES;
				CLANG_WARN__DUPLICATE_METHOD_MATCH = YES;
				COPY_PHASE_STRIP = NO;
				DEBUG_INFORMATION_FORMAT = dwarf;
				ENABLE_STRICT_OBJC_MSGSEND = YES;
				ENABLE_TESTABILITY = YES;
				GCC_C_LANGUAGE_STANDARD = gnu11;
				GCC_DYNAMIC_NO_PIC = NO;
				GCC_NO_COMMON_BLOCKS = YES;
				GCC_OPTIMIZATION_LEVEL = 0;
				GCC_PREPROCESSOR_DEFINITIONS = (
					"DEBUG=1",
					"$(inherited)",
				);
				GCC_WARN_64_TO_32_BIT_CONVERSION = YES;
				GCC_WARN_ABOUT_RETURN_TYPE = YES_ERROR;
				GCC_WARN_UNDECLARED_SELECTOR = YES;
				GCC_WARN_UNINITIALIZED_AUTOS = YES_AGGRESSIVE;
				GCC_WARN_UNUSED_FUNCTION = YES;
				GCC_WARN_UNUSED_VARIABLE = YES;
				IPHONEOS_DEPLOYMENT_TARGET = 15.5;
				MTL_ENABLE_DEBUG_INFO = INCLUDE_SOURCE;
				MTL_FAST_MATH = YES;
				ONLY_ACTIVE_ARCH = YES;
				SDKROOT = iphoneos;
				SWIFT_ACTIVE_COMPILATION_CONDITIONS = DEBUG;
				SWIFT_OPTIMIZATION_LEVEL = "-Onone";
			};
			name = Debug;
		};
		265BB8FA2889B4470027209F /* Release */ = {
			isa = XCBuildConfiguration;
			buildSettings = {
				ALWAYS_SEARCH_USER_PATHS = NO;
				CLANG_ANALYZER_NONNULL = YES;
				CLANG_ANALYZER_NUMBER_OBJECT_CONVERSION = YES_AGGRESSIVE;
				CLANG_CXX_LANGUAGE_STANDARD = "gnu++17";
				CLANG_ENABLE_MODULES = YES;
				CLANG_ENABLE_OBJC_ARC = YES;
				CLANG_ENABLE_OBJC_WEAK = YES;
				CLANG_WARN_BLOCK_CAPTURE_AUTORELEASING = YES;
				CLANG_WARN_BOOL_CONVERSION = YES;
				CLANG_WARN_COMMA = YES;
				CLANG_WARN_CONSTANT_CONVERSION = YES;
				CLANG_WARN_DEPRECATED_OBJC_IMPLEMENTATIONS = YES;
				CLANG_WARN_DIRECT_OBJC_ISA_USAGE = YES_ERROR;
				CLANG_WARN_DOCUMENTATION_COMMENTS = YES;
				CLANG_WARN_EMPTY_BODY = YES;
				CLANG_WARN_ENUM_CONVERSION = YES;
				CLANG_WARN_INFINITE_RECURSION = YES;
				CLANG_WARN_INT_CONVERSION = YES;
				CLANG_WARN_NON_LITERAL_NULL_CONVERSION = YES;
				CLANG_WARN_OBJC_IMPLICIT_RETAIN_SELF = YES;
				CLANG_WARN_OBJC_LITERAL_CONVERSION = YES;
				CLANG_WARN_OBJC_ROOT_CLASS = YES_ERROR;
				CLANG_WARN_QUOTED_INCLUDE_IN_FRAMEWORK_HEADER = YES;
				CLANG_WARN_RANGE_LOOP_ANALYSIS = YES;
				CLANG_WARN_STRICT_PROTOTYPES = YES;
				CLANG_WARN_SUSPICIOUS_MOVE = YES;
				CLANG_WARN_UNGUARDED_AVAILABILITY = YES_AGGRESSIVE;
				CLANG_WARN_UNREACHABLE_CODE = YES;
				CLANG_WARN__DUPLICATE_METHOD_MATCH = YES;
				COPY_PHASE_STRIP = NO;
				DEBUG_INFORMATION_FORMAT = "dwarf-with-dsym";
				ENABLE_NS_ASSERTIONS = NO;
				ENABLE_STRICT_OBJC_MSGSEND = YES;
				GCC_C_LANGUAGE_STANDARD = gnu11;
				GCC_NO_COMMON_BLOCKS = YES;
				GCC_WARN_64_TO_32_BIT_CONVERSION = YES;
				GCC_WARN_ABOUT_RETURN_TYPE = YES_ERROR;
				GCC_WARN_UNDECLARED_SELECTOR = YES;
				GCC_WARN_UNINITIALIZED_AUTOS = YES_AGGRESSIVE;
				GCC_WARN_UNUSED_FUNCTION = YES;
				GCC_WARN_UNUSED_VARIABLE = YES;
				IPHONEOS_DEPLOYMENT_TARGET = 15.5;
				MTL_ENABLE_DEBUG_INFO = NO;
				MTL_FAST_MATH = YES;
				SDKROOT = iphoneos;
				SWIFT_COMPILATION_MODE = wholemodule;
				SWIFT_OPTIMIZATION_LEVEL = "-O";
				VALIDATE_PRODUCT = YES;
			};
			name = Release;
		};
		265BB8FC2889B4470027209F /* Debug */ = {
			isa = XCBuildConfiguration;
			buildSettings = {
				ASSETCATALOG_COMPILER_APPICON_NAME = AppIcon;
				ASSETCATALOG_COMPILER_GLOBAL_ACCENT_COLOR_NAME = AccentColor;
				CODE_SIGN_STYLE = Automatic;
				CURRENT_PROJECT_VERSION = 1;
				DEVELOPMENT_ASSET_PATHS = "\"FruitApp/Preview Content\"";
				DEVELOPMENT_TEAM = 998R925U5C;
				ENABLE_PREVIEWS = YES;
				GENERATE_INFOPLIST_FILE = YES;
				INFOPLIST_KEY_UIApplicationSceneManifest_Generation = YES;
				INFOPLIST_KEY_UIApplicationSupportsIndirectInputEvents = YES;
				INFOPLIST_KEY_UILaunchScreen_Generation = YES;
				INFOPLIST_KEY_UISupportedInterfaceOrientations_iPad = "UIInterfaceOrientationPortrait UIInterfaceOrientationPortraitUpsideDown UIInterfaceOrientationLandscapeLeft UIInterfaceOrientationLandscapeRight";
				INFOPLIST_KEY_UISupportedInterfaceOrientations_iPhone = "UIInterfaceOrientationPortrait UIInterfaceOrientationLandscapeLeft UIInterfaceOrientationLandscapeRight";
				LD_RUNPATH_SEARCH_PATHS = (
					"$(inherited)",
					"@executable_path/Frameworks",
				);
				MARKETING_VERSION = 1.0;
				PRODUCT_BUNDLE_IDENTIFIER = io.jonpdro.FruitApp;
				PRODUCT_NAME = "$(TARGET_NAME)";
				SWIFT_EMIT_LOC_STRINGS = YES;
				SWIFT_VERSION = 5.0;
				TARGETED_DEVICE_FAMILY = "1,2";
			};
			name = Debug;
		};
		265BB8FD2889B4470027209F /* Release */ = {
			isa = XCBuildConfiguration;
			buildSettings = {
				ASSETCATALOG_COMPILER_APPICON_NAME = AppIcon;
				ASSETCATALOG_COMPILER_GLOBAL_ACCENT_COLOR_NAME = AccentColor;
				CODE_SIGN_STYLE = Automatic;
				CURRENT_PROJECT_VERSION = 1;
				DEVELOPMENT_ASSET_PATHS = "\"FruitApp/Preview Content\"";
				DEVELOPMENT_TEAM = 998R925U5C;
				ENABLE_PREVIEWS = YES;
				GENERATE_INFOPLIST_FILE = YES;
				INFOPLIST_KEY_UIApplicationSceneManifest_Generation = YES;
				INFOPLIST_KEY_UIApplicationSupportsIndirectInputEvents = YES;
				INFOPLIST_KEY_UILaunchScreen_Generation = YES;
				INFOPLIST_KEY_UISupportedInterfaceOrientations_iPad = "UIInterfaceOrientationPortrait UIInterfaceOrientationPortraitUpsideDown UIInterfaceOrientationLandscapeLeft UIInterfaceOrientationLandscapeRight";
				INFOPLIST_KEY_UISupportedInterfaceOrientations_iPhone = "UIInterfaceOrientationPortrait UIInterfaceOrientationLandscapeLeft UIInterfaceOrientationLandscapeRight";
				LD_RUNPATH_SEARCH_PATHS = (
					"$(inherited)",
					"@executable_path/Frameworks",
				);
				MARKETING_VERSION = 1.0;
				PRODUCT_BUNDLE_IDENTIFIER = io.jonpdro.FruitApp;
				PRODUCT_NAME = "$(TARGET_NAME)";
				SWIFT_EMIT_LOC_STRINGS = YES;
				SWIFT_VERSION = 5.0;
				TARGETED_DEVICE_FAMILY = "1,2";
			};
			name = Release;
		};
/* End XCBuildConfiguration section */

/* Begin XCConfigurationList section */
		265BB8E82889B4430027209F /* Build configuration list for PBXProject "FruitApp" */ = {
			isa = XCConfigurationList;
			buildConfigurations = (
				265BB8F92889B4470027209F /* Debug */,
				265BB8FA2889B4470027209F /* Release */,
			);
			defaultConfigurationIsVisible = 0;
			defaultConfigurationName = Release;
		};
		265BB8FB2889B4470027209F /* Build configuration list for PBXNativeTarget "FruitApp" */ = {
			isa = XCConfigurationList;
			buildConfigurations = (
				265BB8FC2889B4470027209F /* Debug */,
				265BB8FD2889B4470027209F /* Release */,
			);
			defaultConfigurationIsVisible = 0;
			defaultConfigurationName = Release;
		};
/* End XCConfigurationList section */
	};
	rootObject = 265BB8E52889B4430027209F /* Project object */;
}
